PODS:
  - Flutter (1.0.0)
  - MTBBarcodeScanner (5.0.11)
  - twitter_qr_scanner (0.0.1):
    - Flutter
    - MTBBarcodeScanner

DEPENDENCIES:
  - Flutter (from `Flutter`)
  - twitter_qr_scanner (from `.symlinks/plugins/twitter_qr_scanner/ios`)

SPEC REPOS:
  https://github.com/cocoapods/specs.git:
    - MTBBarcodeScanner

EXTERNAL SOURCES:
  Flutter:
    :path: Flutter
  twitter_qr_scanner:
    :path: ".symlinks/plugins/twitter_qr_scanner/ios"

SPEC CHECKSUMS:
  Flutter: 0e3d915762c693b495b44d77113d4970485de6ec
  MTBBarcodeScanner: f453b33c4b7dfe545d8c6484ed744d55671788cb
  twitter_qr_scanner: 692e40e463e8ff233fdb888b09c6404ce8fbb90f

PODFILE CHECKSUM: 1b66dae606f75376c5f2135a8290850eeb09ae83

COCOAPODS: 1.7.5
